
Microsoft Visual Studio Solution File, Format Version 12.00
# Visual Studio 15
VisualStudioVersion = 15.0.26124.0
MinimumVisualStudioVersion = 15.0.26124.0
Project("{2150E333-8FDC-42A3-9474-1A3956D46DE8}") = "Src", "Src", "{B1488564-5ED1-4192-A123-FF4BF360F042}"
EndProject
Project("{FAE04EC0-301F-11D3-BF4B-00C04F79EFBC}") = "DSAlgo", "Src\DSAlgo\DSAlgo.csproj", "{5F201080-962C-47C8-89AB-1A34B4BD0D40}"
EndProject
Project("{2150E333-8FDC-42A3-9474-1A3956D46DE8}") = "Tests", "Tests", "{1D6C8E43-9EFD-4B2B-BEB0-41AFE5FA14DF}"
EndProject
Project("{FAE04EC0-301F-11D3-BF4B-00C04F79EFBC}") = "DSAlgo.Tests", "Tests\DSAlgo.Tests\DSAlgo.Tests.csproj", "{53434159-39FA-4649-AE73-CACFCDB8CADD}"
EndProject
Global
	GlobalSection(SolutionConfigurationPlatforms) = preSolution
		Debug|Any CPU = Debug|Any CPU
		Debug|x64 = Debug|x64
		Debug|x86 = Debug|x86
		Release|Any CPU = Release|Any CPU
		Release|x64 = Release|x64
		Release|x86 = Release|x86
	EndGlobalSection
	GlobalSection(SolutionProperties) = preSolution
		HideSolutionNode = FALSE
	EndGlobalSection
	GlobalSection(ProjectConfigurationPlatforms) = postSolution
		{5F201080-962C-47C8-89AB-1A34B4BD0D40}.Debug|Any CPU.ActiveCfg = Debug|Any CPU
		{5F201080-962C-47C8-89AB-1A34B4BD0D40}.Debug|Any CPU.Build.0 = Debug|Any CPU
		{5F201080-962C-47C8-89AB-1A34B4BD0D40}.Debug|x64.ActiveCfg = Debug|Any CPU
		{5F201080-962C-47C8-89AB-1A34B4BD0D40}.Debug|x64.Build.0 = Debug|Any CPU
		{5F201080-962C-47C8-89AB-1A34B4BD0D40}.Debug|x86.ActiveCfg = Debug|Any CPU
		{5F201080-962C-47C8-89AB-1A34B4BD0D40}.Debug|x86.Build.0 = Debug|Any CPU
		{5F201080-962C-47C8-89AB-1A34B4BD0D40}.Release|Any CPU.ActiveCfg = Release|Any CPU
		{5F201080-962C-47C8-89AB-1A34B4BD0D40}.Release|Any CPU.Build.0 = Release|Any CPU
		{5F201080-962C-47C8-89AB-1A34B4BD0D40}.Release|x64.ActiveCfg = Release|Any CPU
		{5F201080-962C-47C8-89AB-1A34B4BD0D40}.Release|x64.Build.0 = Release|Any CPU
		{5F201080-962C-47C8-89AB-1A34B4BD0D40}.Release|x86.ActiveCfg = Release|Any CPU
		{5F201080-962C-47C8-89AB-1A34B4BD0D40}.Release|x86.Build.0 = Release|Any CPU
		{53434159-39FA-4649-AE73-CACFCDB8CADD}.Debug|Any CPU.ActiveCfg = Debug|Any CPU
		{53434159-39FA-4649-AE73-CACFCDB8CADD}.Debug|Any CPU.Build.0 = Debug|Any CPU
		{53434159-39FA-4649-AE73-CACFCDB8CADD}.Debug|x64.ActiveCfg = Debug|Any CPU
		{53434159-39FA-4649-AE73-CACFCDB8CADD}.Debug|x64.Build.0 = Debug|Any CPU
		{53434159-39FA-4649-AE73-CACFCDB8CADD}.Debug|x86.ActiveCfg = Debug|Any CPU
		{53434159-39FA-4649-AE73-CACFCDB8CADD}.Debug|x86.Build.0 = Debug|Any CPU
		{53434159-39FA-4649-AE73-CACFCDB8CADD}.Release|Any CPU.ActiveCfg = Release|Any CPU
		{53434159-39FA-4649-AE73-CACFCDB8CADD}.Release|Any CPU.Build.0 = Release|Any CPU
		{53434159-39FA-4649-AE73-CACFCDB8CADD}.Release|x64.ActiveCfg = Release|Any CPU
		{53434159-39FA-4649-AE73-CACFCDB8CADD}.Release|x64.Build.0 = Release|Any CPU
		{53434159-39FA-4649-AE73-CACFCDB8CADD}.Release|x86.ActiveCfg = Release|Any CPU
		{53434159-39FA-4649-AE73-CACFCDB8CADD}.Release|x86.Build.0 = Release|Any CPU
	EndGlobalSection
	GlobalSection(NestedProjects) = preSolution
		{5F201080-962C-47C8-89AB-1A34B4BD0D40} = {B1488564-5ED1-4192-A123-FF4BF360F042}
		{53434159-39FA-4649-AE73-CACFCDB8CADD} = {1D6C8E43-9EFD-4B2B-BEB0-41AFE5FA14DF}
	EndGlobalSection
EndGlobal
